{
  "object": {
    "pins": [
      {
        "package": "SwiftUIKit",
        "repositoryURL": "https://github.com/zmeriksen/SwiftUIKit.git",
        "state": {
          "branch": null,
          "revision": "1ef1aeece1108aff8ad07fc6f2bcafb99f33afdd",
          "version": "1.0.0"
        }
      }
    ]
  },
  "version": 1
}
